
Microsoft Visual Studio Solution File, Format Version 12.00
# Visual Studio 15
VisualStudioVersion = 15.0.28307.136
MinimumVisualStudioVersion = 10.0.40219.1
Project("{FAE04EC0-301F-11D3-BF4B-00C04F79EFBC}") = "piledserver", "piledserver\piledserver.csproj", "{8E33A603-72FB-4A29-B343-8214DB146C73}"
EndProject
Project("{FAE04EC0-301F-11D3-BF4B-00C04F79EFBC}") = "piled.lib", "piled.lib\piled.lib.csproj", "{D5A3A725-060F-49F8-8411-6FEDA0813308}"
EndProject
Project("{FAE04EC0-301F-11D3-BF4B-00C04F79EFBC}") = "piled.client", "piled.client\piled.client.csproj", "{3C488E5D-915E-4A05-8B33-5B4208A27BFB}"
EndProject
Global
	GlobalSection(SolutionConfigurationPlatforms) = preSolution
		Debug|Any CPU = Debug|Any CPU
		Release|Any CPU = Release|Any CPU
	EndGlobalSection
	GlobalSection(ProjectConfigurationPlatforms) = postSolution
		{8E33A603-72FB-4A29-B343-8214DB146C73}.Debug|Any CPU.ActiveCfg = Debug|Any CPU
		{8E33A603-72FB-4A29-B343-8214DB146C73}.Debug|Any CPU.Build.0 = Debug|Any CPU
		{8E33A603-72FB-4A29-B343-8214DB146C73}.Release|Any CPU.ActiveCfg = Release|Any CPU
		{8E33A603-72FB-4A29-B343-8214DB146C73}.Release|Any CPU.Build.0 = Release|Any CPU
		{D5A3A725-060F-49F8-8411-6FEDA0813308}.Debug|Any CPU.ActiveCfg = Debug|Any CPU
		{D5A3A725-060F-49F8-8411-6FEDA0813308}.Debug|Any CPU.Build.0 = Debug|Any CPU
		{D5A3A725-060F-49F8-8411-6FEDA0813308}.Release|Any CPU.ActiveCfg = Release|Any CPU
		{D5A3A725-060F-49F8-8411-6FEDA0813308}.Release|Any CPU.Build.0 = Release|Any CPU
		{3C488E5D-915E-4A05-8B33-5B4208A27BFB}.Debug|Any CPU.ActiveCfg = Debug|Any CPU
		{3C488E5D-915E-4A05-8B33-5B4208A27BFB}.Debug|Any CPU.Build.0 = Debug|Any CPU
		{3C488E5D-915E-4A05-8B33-5B4208A27BFB}.Release|Any CPU.ActiveCfg = Release|Any CPU
		{3C488E5D-915E-4A05-8B33-5B4208A27BFB}.Release|Any CPU.Build.0 = Release|Any CPU
	EndGlobalSection
	GlobalSection(SolutionProperties) = preSolution
		HideSolutionNode = FALSE
	EndGlobalSection
	GlobalSection(ExtensibilityGlobals) = postSolution
		SolutionGuid = {2DB42D8A-F06B-4520-B002-0A95156643D7}
	EndGlobalSection
EndGlobal
